
Microsoft Visual Studio Solution File, Format Version 12.00
# Visual Studio 15
VisualStudioVersion = 15.0.27703.2035
MinimumVisualStudioVersion = 10.0.40219.1
Project("{FAE04EC0-301F-11D3-BF4B-00C04F79EFBC}") = "Project", "Project\Project.csproj", "{6E0EC667-F9E5-475A-85AF-F405E3BD11FD}"
EndProject
Project("{FAE04EC0-301F-11D3-BF4B-00C04F79EFBC}") = "HTTPComm", "HTTPComm\HTTPComm.csproj", "{D7E79AFA-FF50-484A-AD57-67B0BD4696EE}"
EndProject
Project("{FAE04EC0-301F-11D3-BF4B-00C04F79EFBC}") = "KeyboardHooker", "KeyboardHooker\KeyboardHooker.csproj", "{36AFC8C3-9DC7-470D-A1B2-190BD6A9A32C}"
EndProject
Global
	GlobalSection(SolutionConfigurationPlatforms) = preSolution
		Debug|Any CPU = Debug|Any CPU
		Release|Any CPU = Release|Any CPU
	EndGlobalSection
	GlobalSection(ProjectConfigurationPlatforms) = postSolution
		{6E0EC667-F9E5-475A-85AF-F405E3BD11FD}.Debug|Any CPU.ActiveCfg = Debug|Any CPU
		{6E0EC667-F9E5-475A-85AF-F405E3BD11FD}.Debug|Any CPU.Build.0 = Debug|Any CPU
		{6E0EC667-F9E5-475A-85AF-F405E3BD11FD}.Release|Any CPU.ActiveCfg = Release|Any CPU
		{6E0EC667-F9E5-475A-85AF-F405E3BD11FD}.Release|Any CPU.Build.0 = Release|Any CPU
		{D7E79AFA-FF50-484A-AD57-67B0BD4696EE}.Debug|Any CPU.ActiveCfg = Debug|Any CPU
		{D7E79AFA-FF50-484A-AD57-67B0BD4696EE}.Debug|Any CPU.Build.0 = Debug|Any CPU
		{D7E79AFA-FF50-484A-AD57-67B0BD4696EE}.Release|Any CPU.ActiveCfg = Release|Any CPU
		{D7E79AFA-FF50-484A-AD57-67B0BD4696EE}.Release|Any CPU.Build.0 = Release|Any CPU
		{36AFC8C3-9DC7-470D-A1B2-190BD6A9A32C}.Debug|Any CPU.ActiveCfg = Debug|Any CPU
		{36AFC8C3-9DC7-470D-A1B2-190BD6A9A32C}.Debug|Any CPU.Build.0 = Debug|Any CPU
		{36AFC8C3-9DC7-470D-A1B2-190BD6A9A32C}.Release|Any CPU.ActiveCfg = Release|Any CPU
		{36AFC8C3-9DC7-470D-A1B2-190BD6A9A32C}.Release|Any CPU.Build.0 = Release|Any CPU
	EndGlobalSection
	GlobalSection(SolutionProperties) = preSolution
		HideSolutionNode = FALSE
	EndGlobalSection
	GlobalSection(ExtensibilityGlobals) = postSolution
		SolutionGuid = {48425916-6291-4B51-A4AD-C8C240F8337A}
	EndGlobalSection
EndGlobal
